// !$*UTF8*$!
{
	archiveVersion = 1;
	classes = {
	};
	objectVersion = 46;
	objects = {

/* Begin PBXBuildFile section */
		8EA472801991879600E259B2 /* Foundation.framework in Frameworks */ = {isa = PBXBuildFile; fileRef = 8EA4727F1991879600E259B2 /* Foundation.framework */; };
		8EA472821991879600E259B2 /* CoreGraphics.framework in Frameworks */ = {isa = PBXBuildFile; fileRef = 8EA472811991879600E259B2 /* CoreGraphics.framework */; };
		8EA472841991879600E259B2 /* UIKit.framework in Frameworks */ = {isa = PBXBuildFile; fileRef = 8EA472831991879600E259B2 /* UIKit.framework */; };
		8EA4728A1991879600E259B2 /* InfoPlist.strings in Resources */ = {isa = PBXBuildFile; fileRef = 8EA472881991879600E259B2 /* InfoPlist.strings */; };
		8EA4728C1991879600E259B2 /* main.m in Sources */ = {isa = PBXBuildFile; fileRef = 8EA4728B1991879600E259B2 /* main.m */; };
		8EA472901991879600E259B2 /* AppDelegate.m in Sources */ = {isa = PBXBuildFile; fileRef = 8EA4728F1991879600E259B2 /* AppDelegate.m */; };
		8EA472931991879600E259B2 /* Main_iPhone.storyboard in Resources */ = {isa = PBXBuildFile; fileRef = 8EA472911991879600E259B2 /* Main_iPhone.storyboard */; };
		8EA472961991879600E259B2 /* Main_iPad.storyboard in Resources */ = {isa = PBXBuildFile; fileRef = 8EA472941991879600E259B2 /* Main_iPad.storyboard */; };
		8EA472991991879600E259B2 /* ViewController.m in Sources */ = {isa = PBXBuildFile; fileRef = 8EA472981991879600E259B2 /* ViewController.m */; };
		8EA4729B1991879600E259B2 /* Images.xcassets in Resources */ = {isa = PBXBuildFile; fileRef = 8EA4729A1991879600E259B2 /* Images.xcassets */; };
		8EA472A21991879600E259B2 /* XCTest.framework in Frameworks */ = {isa = PBXBuildFile; fileRef = 8EA472A11991879600E259B2 /* XCTest.framework */; };
		8EA472A31991879600E259B2 /* Foundation.framework in Frameworks */ = {isa = PBXBuildFile; fileRef = 8EA4727F1991879600E259B2 /* Foundation.framework */; };
		8EA472A41991879600E259B2 /* UIKit.framework in Frameworks */ = {isa = PBXBuildFile; fileRef = 8EA472831991879600E259B2 /* UIKit.framework */; };
		8EA472AC1991879600E259B2 /* InfoPlist.strings in Resources */ = {isa = PBXBuildFile; fileRef = 8EA472AA1991879600E259B2 /* InfoPlist.strings */; };
		8EA472AE1991879600E259B2 /* UIPickerHandlerTests.m in Sources */ = {isa = PBXBuildFile; fileRef = 8EA472AD1991879600E259B2 /* UIPickerHandlerTests.m */; };
/* End PBXBuildFile section */

/* Begin PBXContainerItemProxy section */
		8EA472A51991879600E259B2 /* PBXContainerItemProxy */ = {
			isa = PBXContainerItemProxy;
			containerPortal = 8EA472741991879600E259B2 /* Project object */;
			proxyType = 1;
			remoteGlobalIDString = 8EA4727B1991879600E259B2;
			remoteInfo = UIPickerHandler;
		};
/* End PBXContainerItemProxy section */

/* Begin PBXFileReference section */
		8EA4727C1991879600E259B2 /* UIPickerHandler.app */ = {isa = PBXFileReference; explicitFileType = wrapper.application; includeInIndex = 0; path = UIPickerHandler.app; sourceTree = BUILT_PRODUCTS_DIR; };
		8EA4727F1991879600E259B2 /* Foundation.framework */ = {isa = PBXFileReference; lastKnownFileType = wrapper.framework; name = Foundation.framework; path = System/Library/Frameworks/Foundation.framework; sourceTree = SDKROOT; };
		8EA472811991879600E259B2 /* CoreGraphics.framework */ = {isa = PBXFileReference; lastKnownFileType = wrapper.framework; name = CoreGraphics.framework; path = System/Library/Frameworks/CoreGraphics.framework; sourceTree = SDKROOT; };
		8EA472831991879600E259B2 /* UIKit.framework */ = {isa = PBXFileReference; lastKnownFileType = wrapper.framework; name = UIKit.framework; path = System/Library/Frameworks/UIKit.framework; sourceTree = SDKROOT; };
		8EA472871991879600E259B2 /* UIPickerHandler-Info.plist */ = {isa = PBXFileReference; lastKnownFileType = text.plist.xml; path = "UIPickerHandler-Info.plist"; sourceTree = "<group>"; };
		8EA472891991879600E259B2 /* en */ = {isa = PBXFileReference; lastKnownFileType = text.plist.strings; name = en; path = en.lproj/InfoPlist.strings; sourceTree = "<group>"; };
		8EA4728B1991879600E259B2 /* main.m */ = {isa = PBXFileReference; lastKnownFileType = sourcecode.c.objc; path = main.m; sourceTree = "<group>"; };
		8EA4728D1991879600E259B2 /* UIPickerHandler-Prefix.pch */ = {isa = PBXFileReference; lastKnownFileType = sourcecode.c.h; path = "UIPickerHandler-Prefix.pch"; sourceTree = "<group>"; };
		8EA4728E1991879600E259B2 /* AppDelegate.h */ = {isa = PBXFileReference; lastKnownFileType = sourcecode.c.h; path = AppDelegate.h; sourceTree = "<group>"; };
		8EA4728F1991879600E259B2 /* AppDelegate.m */ = {isa = PBXFileReference; lastKnownFileType = sourcecode.c.objc; path = AppDelegate.m; sourceTree = "<group>"; };
		8EA472921991879600E259B2 /* Base */ = {isa = PBXFileReference; lastKnownFileType = file.storyboard; name = Base; path = Base.lproj/Main_iPhone.storyboard; sourceTree = "<group>"; };
		8EA472951991879600E259B2 /* Base */ = {isa = PBXFileReference; lastKnownFileType = file.storyboard; name = Base; path = Base.lproj/Main_iPad.storyboard; sourceTree = "<group>"; };
		8EA472971991879600E259B2 /* ViewController.h */ = {isa = PBXFileReference; lastKnownFileType = sourcecode.c.h; path = ViewController.h; sourceTree = "<group>"; };
		8EA472981991879600E259B2 /* ViewController.m */ = {isa = PBXFileReference; lastKnownFileType = sourcecode.c.objc; path = ViewController.m; sourceTree = "<group>"; };
		8EA4729A1991879600E259B2 /* Images.xcassets */ = {isa = PBXFileReference; lastKnownFileType = folder.assetcatalog; path = Images.xcassets; sourceTree = "<group>"; };
		8EA472A01991879600E259B2 /* UIPickerHandlerTests.xctest */ = {isa = PBXFileReference; explicitFileType = wrapper.cfbundle; includeInIndex = 0; path = UIPickerHandlerTests.xctest; sourceTree = BUILT_PRODUCTS_DIR; };
		8EA472A11991879600E259B2 /* XCTest.framework */ = {isa = PBXFileReference; lastKnownFileType = wrapper.framework; name = XCTest.framework; path = Library/Frameworks/XCTest.framework; sourceTree = DEVELOPER_DIR; };
		8EA472A91991879600E259B2 /* UIPickerHandlerTests-Info.plist */ = {isa = PBXFileReference; lastKnownFileType = text.plist.xml; path = "UIPickerHandlerTests-Info.plist"; sourceTree = "<group>"; };
		8EA472AB1991879600E259B2 /* en */ = {isa = PBXFileReference; lastKnownFileType = text.plist.strings; name = en; path = en.lproj/InfoPlist.strings; sourceTree = "<group>"; };
		8EA472AD1991879600E259B2 /* UIPickerHandlerTests.m */ = {isa = PBXFileReference; lastKnownFileType = sourcecode.c.objc; path = UIPickerHandlerTests.m; sourceTree = "<group>"; };
/* End PBXFileReference section */

/* Begin PBXFrameworksBuildPhase section */
		8EA472791991879600E259B2 /* Frameworks */ = {
			isa = PBXFrameworksBuildPhase;
			buildActionMask = 2147483647;
			files = (
				8EA472821991879600E259B2 /* CoreGraphics.framework in Frameworks */,
				8EA472841991879600E259B2 /* UIKit.framework in Frameworks */,
				8EA472801991879600E259B2 /* Foundation.framework in Frameworks */,
			);
			runOnlyForDeploymentPostprocessing = 0;
		};
		8EA4729D1991879600E259B2 /* Frameworks */ = {
			isa = PBXFrameworksBuildPhase;
			buildActionMask = 2147483647;
			files = (
				8EA472A21991879600E259B2 /* XCTest.framework in Frameworks */,
				8EA472A41991879600E259B2 /* UIKit.framework in Frameworks */,
				8EA472A31991879600E259B2 /* Foundation.framework in Frameworks */,
			);
			runOnlyForDeploymentPostprocessing = 0;
		};
/* End PBXFrameworksBuildPhase section */

/* Begin PBXGroup section */
		8EA472731991879600E259B2 = {
			isa = PBXGroup;
			children = (
				8EA472851991879600E259B2 /* UIPickerHandler */,
				8EA472A71991879600E259B2 /* UIPickerHandlerTests */,
				8EA4727E1991879600E259B2 /* Frameworks */,
				8EA4727D1991879600E259B2 /* Products */,
			);
			sourceTree = "<group>";
		};
		8EA4727D1991879600E259B2 /* Products */ = {
			isa = PBXGroup;
			children = (
				8EA4727C1991879600E259B2 /* UIPickerHandler.app */,
				8EA472A01991879600E259B2 /* UIPickerHandlerTests.xctest */,
			);
			name = Products;
			sourceTree = "<group>";
		};
		8EA4727E1991879600E259B2 /* Frameworks */ = {
			isa = PBXGroup;
			children = (
				8EA4727F1991879600E259B2 /* Foundation.framework */,
				8EA472811991879600E259B2 /* CoreGraphics.framework */,
				8EA472831991879600E259B2 /* UIKit.framework */,
				8EA472A11991879600E259B2 /* XCTest.framework */,
			);
			name = Frameworks;
			sourceTree = "<group>";
		};
		8EA472851991879600E259B2 /* UIPickerHandler */ = {
			isa = PBXGroup;
			children = (
				8EA4728E1991879600E259B2 /* AppDelegate.h */,
				8EA4728F1991879600E259B2 /* AppDelegate.m */,
				8EA472911991879600E259B2 /* Main_iPhone.storyboard */,
				8EA472941991879600E259B2 /* Main_iPad.storyboard */,
				8EA472971991879600E259B2 /* ViewController.h */,
				8EA472981991879600E259B2 /* ViewController.m */,
				8EA4729A1991879600E259B2 /* Images.xcassets */,
				8EA472861991879600E259B2 /* Supporting Files */,
			);
			path = UIPickerHandler;
			sourceTree = "<group>";
		};
		8EA472861991879600E259B2 /* Supporting Files */ = {
			isa = PBXGroup;
			children = (
				8EA472871991879600E259B2 /* UIPickerHandler-Info.plist */,
				8EA472881991879600E259B2 /* InfoPlist.strings */,
				8EA4728B1991879600E259B2 /* main.m */,
				8EA4728D1991879600E259B2 /* UIPickerHandler-Prefix.pch */,
			);
			name = "Supporting Files";
			sourceTree = "<group>";
		};
		8EA472A71991879600E259B2 /* UIPickerHandlerTests */ = {
			isa = PBXGroup;
			children = (
				8EA472AD1991879600E259B2 /* UIPickerHandlerTests.m */,
				8EA472A81991879600E259B2 /* Supporting Files */,
			);
			path = UIPickerHandlerTests;
			sourceTree = "<group>";
		};
		8EA472A81991879600E259B2 /* Supporting Files */ = {
			isa = PBXGroup;
			children = (
				8EA472A91991879600E259B2 /* UIPickerHandlerTests-Info.plist */,
				8EA472AA1991879600E259B2 /* InfoPlist.strings */,
			);
			name = "Supporting Files";
			sourceTree = "<group>";
		};
/* End PBXGroup section */

/* Begin PBXNativeTarget section */
		8EA4727B1991879600E259B2 /* UIPickerHandler */ = {
			isa = PBXNativeTarget;
			buildConfigurationList = 8EA472B11991879600E259B2 /* Build configuration list for PBXNativeTarget "UIPickerHandler" */;
			buildPhases = (
				8EA472781991879600E259B2 /* Sources */,
				8EA472791991879600E259B2 /* Frameworks */,
				8EA4727A1991879600E259B2 /* Resources */,
			);
			buildRules = (
			);
			dependencies = (
			);
			name = UIPickerHandler;
			productName = UIPickerHandler;
			productReference = 8EA4727C1991879600E259B2 /* UIPickerHandler.app */;
			productType = "com.apple.product-type.application";
		};
		8EA4729F1991879600E259B2 /* UIPickerHandlerTests */ = {
			isa = PBXNativeTarget;
			buildConfigurationList = 8EA472B41991879600E259B2 /* Build configuration list for PBXNativeTarget "UIPickerHandlerTests" */;
			buildPhases = (
				8EA4729C1991879600E259B2 /* Sources */,
				8EA4729D1991879600E259B2 /* Frameworks */,
				8EA4729E1991879600E259B2 /* Resources */,
			);
			buildRules = (
			);
			dependencies = (
				8EA472A61991879600E259B2 /* PBXTargetDependency */,
			);
			name = UIPickerHandlerTests;
			productName = UIPickerHandlerTests;
			productReference = 8EA472A01991879600E259B2 /* UIPickerHandlerTests.xctest */;
			productType = "com.apple.product-type.bundle.unit-test";
		};
/* End PBXNativeTarget section */

/* Begin PBXProject section */
		8EA472741991879600E259B2 /* Project object */ = {
			isa = PBXProject;
			attributes = {
				LastUpgradeCheck = 0510;
				ORGANIZATIONNAME = "Assorted Intelligence";
				TargetAttributes = {
					8EA4729F1991879600E259B2 = {
						TestTargetID = 8EA4727B1991879600E259B2;
					};
				};
			};
			buildConfigurationList = 8EA472771991879600E259B2 /* Build configuration list for PBXProject "UIPickerHandler" */;
			compatibilityVersion = "Xcode 3.2";
			developmentRegion = English;
			hasScannedForEncodings = 0;
			knownRegions = (
				en,
				Base,
			);
			mainGroup = 8EA472731991879600E259B2;
			productRefGroup = 8EA4727D1991879600E259B2 /* Products */;
			projectDirPath = "";
			projectRoot = "";
			targets = (
				8EA4727B1991879600E259B2 /* UIPickerHandler */,
				8EA4729F1991879600E259B2 /* UIPickerHandlerTests */,
			);
		};
/* End PBXProject section */

/* Begin PBXResourcesBuildPhase section */
		8EA4727A1991879600E259B2 /* Resources */ = {
			isa = PBXResourcesBuildPhase;
			buildActionMask = 2147483647;
			files = (
				8EA472961991879600E259B2 /* Main_iPad.storyboard in Resources */,
				8EA4729B1991879600E259B2 /* Images.xcassets in Resources */,
				8EA472931991879600E259B2 /* Main_iPhone.storyboard in Resources */,
				8EA4728A1991879600E259B2 /* InfoPlist.strings in Resources */,
			);
			runOnlyForDeploymentPostprocessing = 0;
		};
		8EA4729E1991879600E259B2 /* Resources */ = {
			isa = PBXResourcesBuildPhase;
			buildActionMask = 2147483647;
			files = (
				8EA472AC1991879600E259B2 /* InfoPlist.strings in Resources */,
			);
			runOnlyForDeploymentPostprocessing = 0;
		};
/* End PBXResourcesBuildPhase section */

/* Begin PBXSourcesBuildPhase section */
		8EA472781991879600E259B2 /* Sources */ = {
			isa = PBXSourcesBuildPhase;
			buildActionMask = 2147483647;
			files = (
				8EA472991991879600E259B2 /* ViewController.m in Sources */,
				8EA472901991879600E259B2 /* AppDelegate.m in Sources */,
				8EA4728C1991879600E259B2 /* main.m in Sources */,
			);
			runOnlyForDeploymentPostprocessing = 0;
		};
		8EA4729C1991879600E259B2 /* Sources */ = {
			isa = PBXSourcesBuildPhase;
			buildActionMask = 2147483647;
			files = (
				8EA472AE1991879600E259B2 /* UIPickerHandlerTests.m in Sources */,
			);
			runOnlyForDeploymentPostprocessing = 0;
		};
/* End PBXSourcesBuildPhase section */

/* Begin PBXTargetDependency section */
		8EA472A61991879600E259B2 /* PBXTargetDependency */ = {
			isa = PBXTargetDependency;
			target = 8EA4727B1991879600E259B2 /* UIPickerHandler */;
			targetProxy = 8EA472A51991879600E259B2 /* PBXContainerItemProxy */;
		};
/* End PBXTargetDependency section */

/* Begin PBXVariantGroup section */
		8EA472881991879600E259B2 /* InfoPlist.strings */ = {
			isa = PBXVariantGroup;
			children = (
				8EA472891991879600E259B2 /* en */,
			);
			name = InfoPlist.strings;
			sourceTree = "<group>";
		};
		8EA472911991879600E259B2 /* Main_iPhone.storyboard */ = {
			isa = PBXVariantGroup;
			children = (
				8EA472921991879600E259B2 /* Base */,
			);
			name = Main_iPhone.storyboard;
			sourceTree = "<group>";
		};
		8EA472941991879600E259B2 /* Main_iPad.storyboard */ = {
			isa = PBXVariantGroup;
			children = (
				8EA472951991879600E259B2 /* Base */,
			);
			name = Main_iPad.storyboard;
			sourceTree = "<group>";
		};
		8EA472AA1991879600E259B2 /* InfoPlist.strings */ = {
			isa = PBXVariantGroup;
			children = (
				8EA472AB1991879600E259B2 /* en */,
			);
			name = InfoPlist.strings;
			sourceTree = "<group>";
		};
/* End PBXVariantGroup section */

/* Begin XCBuildConfiguration section */
		8EA472AF1991879600E259B2 /* Debug */ = {
			isa = XCBuildConfiguration;
			buildSettings = {
				ALWAYS_SEARCH_USER_PATHS = NO;
				CLANG_CXX_LANGUAGE_STANDARD = "gnu++0x";
				CLANG_CXX_LIBRARY = "libc++";
				CLANG_ENABLE_MODULES = YES;
				CLANG_ENABLE_OBJC_ARC = YES;
				CLANG_WARN_BOOL_CONVERSION = YES;
				CLANG_WARN_CONSTANT_CONVERSION = YES;
				CLANG_WARN_DIRECT_OBJC_ISA_USAGE = YES_ERROR;
				CLANG_WARN_EMPTY_BODY = YES;
				CLANG_WARN_ENUM_CONVERSION = YES;
				CLANG_WARN_INT_CONVERSION = YES;
				CLANG_WARN_OBJC_ROOT_CLASS = YES_ERROR;
				CLANG_WARN__DUPLICATE_METHOD_MATCH = YES;
				"CODE_SIGN_IDENTITY[sdk=iphoneos*]" = "iPhone Developer";
				COPY_PHASE_STRIP = NO;
				GCC_C_LANGUAGE_STANDARD = gnu99;
				GCC_DYNAMIC_NO_PIC = NO;
				GCC_OPTIMIZATION_LEVEL = 0;
				GCC_PREPROCESSOR_DEFINITIONS = (
					"DEBUG=1",
					"$(inherited)",
				);
				GCC_SYMBOLS_PRIVATE_EXTERN = NO;
				GCC_WARN_64_TO_32_BIT_CONVERSION = YES;
				GCC_WARN_ABOUT_RETURN_TYPE = YES_ERROR;
				GCC_WARN_UNDECLARED_SELECTOR = YES;
				GCC_WARN_UNINITIALIZED_AUTOS = YES_AGGRESSIVE;
				GCC_WARN_UNUSED_FUNCTION = YES;
				GCC_WARN_UNUSED_VARIABLE = YES;
				IPHONEOS_DEPLOYMENT_TARGET = 7.1;
				ONLY_ACTIVE_ARCH = YES;
				SDKROOT = iphoneos;
				TARGETED_DEVICE_FAMILY = "1,2";
			};
			name = Debug;
		};
		8EA472B01991879600E259B2 /* Release */ = {
			isa = XCBuildConfiguration;
			buildSettings = {
				ALWAYS_SEARCH_USER_PATHS = NO;
				CLANG_CXX_LANGUAGE_STANDARD = "gnu++0x";
				CLANG_CXX_LIBRARY = "libc++";
				CLANG_ENABLE_MODULES = YES;
				CLANG_ENABLE_OBJC_ARC = YES;
				CLANG_WARN_BOOL_CONVERSION = YES;
				CLANG_WARN_CONSTANT_CONVERSION = YES;
				CLANG_WARN_DIRECT_OBJC_ISA_USAGE = YES_ERROR;
				CLANG_WARN_EMPTY_BODY = YES;
				CLANG_WARN_ENUM_CONVERSION = YES;
				CLANG_WARN_INT_CONVERSION = YES;
				CLANG_WARN_OBJC_ROOT_CLASS = YES_ERROR;
				CLANG_WARN__DUPLICATE_METHOD_MATCH = YES;
				"CODE_SIGN_IDENTITY[sdk=iphoneos*]" = "iPhone Developer";
				COPY_PHASE_STRIP = YES;
				ENABLE_NS_ASSERTIONS = NO;
				GCC_C_LANGUAGE_STANDARD = gnu99;
				GCC_WARN_64_TO_32_BIT_CONVERSION = YES;
				GCC_WARN_ABOUT_RETURN_TYPE = YES_ERROR;
				GCC_WARN_UNDECLARED_SELECTOR = YES;
				GCC_WARN_UNINITIALIZED_AUTOS = YES_AGGRESSIVE;
				GCC_WARN_UNUSED_FUNCTION = YES;
				GCC_WARN_UNUSED_VARIABLE = YES;
				IPHONEOS_DEPLOYMENT_TARGET = 7.1;
				SDKROOT = iphoneos;
				TARGETED_DEVICE_FAMILY = "1,2";
				VALIDATE_PRODUCT = YES;
			};
			name = Release;
		};
		8EA472B21991879600E259B2 /* Debug */ = {
			isa = XCBuildConfiguration;
			buildSettings = {
				ASSETCATALOG_COMPILER_APPICON_NAME = AppIcon;
				ASSETCATALOG_COMPILER_LAUNCHIMAGE_NAME = LaunchImage;
				GCC_PRECOMPILE_PREFIX_HEADER = YES;
				GCC_PREFIX_HEADER = "UIPickerHandler/UIPickerHandler-Prefix.pch";
				INFOPLIST_FILE = "UIPickerHandler/UIPickerHandler-Info.plist";
				PRODUCT_NAME = "$(TARGET_NAME)";
				WRAPPER_EXTENSION = app;
			};
			name = Debug;
		};
		8EA472B31991879600E259B2 /* Release */ = {
			isa = XCBuildConfiguration;
			buildSettings = {
				ASSETCATALOG_COMPILER_APPICON_NAME = AppIcon;
				ASSETCATALOG_COMPILER_LAUNCHIMAGE_NAME = LaunchImage;
				GCC_PRECOMPILE_PREFIX_HEADER = YES;
				GCC_PREFIX_HEADER = "UIPickerHandler/UIPickerHandler-Prefix.pch";
				INFOPLIST_FILE = "UIPickerHandler/UIPickerHandler-Info.plist";
				PRODUCT_NAME = "$(TARGET_NAME)";
				WRAPPER_EXTENSION = app;
			};
			name = Release;
		};
		8EA472B51991879600E259B2 /* Debug */ = {
			isa = XCBuildConfiguration;
			buildSettings = {
				BUNDLE_LOADER = "$(BUILT_PRODUCTS_DIR)/UIPickerHandler.app/UIPickerHandler";
				FRAMEWORK_SEARCH_PATHS = (
					"$(SDKROOT)/Developer/Library/Frameworks",
					"$(inherited)",
					"$(DEVELOPER_FRAMEWORKS_DIR)",
				);
				GCC_PRECOMPILE_PREFIX_HEADER = YES;
				GCC_PREFIX_HEADER = "UIPickerHandler/UIPickerHandler-Prefix.pch";
				GCC_PREPROCESSOR_DEFINITIONS = (
					"DEBUG=1",
					"$(inherited)",
				);
				INFOPLIST_FILE = "UIPickerHandlerTests/UIPickerHandlerTests-Info.plist";
				PRODUCT_NAME = "$(TARGET_NAME)";
				TEST_HOST = "$(BUNDLE_LOADER)";
				WRAPPER_EXTENSION = xctest;
			};
			name = Debug;
		};
		8EA472B61991879600E259B2 /* Release */ = {
			isa = XCBuildConfiguration;
			buildSettings = {
				BUNDLE_LOADER = "$(BUILT_PRODUCTS_DIR)/UIPickerHandler.app/UIPickerHandler";
				FRAMEWORK_SEARCH_PATHS = (
					"$(SDKROOT)/Developer/Library/Frameworks",
					"$(inherited)",
					"$(DEVELOPER_FRAMEWORKS_DIR)",
				);
				GCC_PRECOMPILE_PREFIX_HEADER = YES;
				GCC_PREFIX_HEADER = "UIPickerHandler/UIPickerHandler-Prefix.pch";
				INFOPLIST_FILE = "UIPickerHandlerTests/UIPickerHandlerTests-Info.plist";
				PRODUCT_NAME = "$(TARGET_NAME)";
				TEST_HOST = "$(BUNDLE_LOADER)";
				WRAPPER_EXTENSION = xctest;
			};
			name = Release;
		};
/* End XCBuildConfiguration section */

/* Begin XCConfigurationList section */
		8EA472771991879600E259B2 /* Build configuration list for PBXProject "UIPickerHandler" */ = {
			isa = XCConfigurationList;
			buildConfigurations = (
				8EA472AF1991879600E259B2 /* Debug */,
				8EA472B01991879600E259B2 /* Release */,
			);
			defaultConfigurationIsVisible = 0;
			defaultConfigurationName = Release;
		};
		8EA472B11991879600E259B2 /* Build configuration list for PBXNativeTarget "UIPickerHandler" */ = {
			isa = XCConfigurationList;
			buildConfigurations = (
				8EA472B21991879600E259B2 /* Debug */,
				8EA472B31991879600E259B2 /* Release */,
			);
			defaultConfigurationIsVisible = 0;
		};
		8EA472B41991879600E259B2 /* Build configuration list for PBXNativeTarget "UIPickerHandlerTests" */ = {
			isa = XCConfigurationList;
			buildConfigurations = (
				8EA472B51991879600E259B2 /* Debug */,
				8EA472B61991879600E259B2 /* Release */,
			);
			defaultConfigurationIsVisible = 0;
		};
/* End XCConfigurationList section */
	};
	rootObject = 8EA472741991879600E259B2 /* Project object */;
}
